
Microsoft Visual Studio Solution File, Format Version 12.00
# Visual Studio Version 17
VisualStudioVersion = 17.9.34701.34
MinimumVisualStudioVersion = 10.0.40219.1
Project("{FAE04EC0-301F-11D3-BF4B-00C04F79EFBC}") = "ProceduralGenerationConsole", "ProceduralGenerationConsole.csproj", "{82600BF3-25C1-4FA1-9EF5-306CA81221F5}"
EndProject
Global
	GlobalSection(SolutionConfigurationPlatforms) = preSolution
		Debug|Any CPU = Debug|Any CPU
		Release|Any CPU = Release|Any CPU
	EndGlobalSection
	GlobalSection(ProjectConfigurationPlatforms) = postSolution
		{82600BF3-25C1-4FA1-9EF5-306CA81221F5}.Debug|Any CPU.ActiveCfg = Debug|Any CPU
		{82600BF3-25C1-4FA1-9EF5-306CA81221F5}.Debug|Any CPU.Build.0 = Debug|Any CPU
		{82600BF3-25C1-4FA1-9EF5-306CA81221F5}.Release|Any CPU.ActiveCfg = Release|Any CPU
		{82600BF3-25C1-4FA1-9EF5-306CA81221F5}.Release|Any CPU.Build.0 = Release|Any CPU
	EndGlobalSection
	GlobalSection(SolutionProperties) = preSolution
		HideSolutionNode = FALSE
	EndGlobalSection
	GlobalSection(ExtensibilityGlobals) = postSolution
		SolutionGuid = {5F37922E-8B97-4978-9B6F-C0A938F09EA6}
	EndGlobalSection
EndGlobal
